
Microsoft Visual Studio Solution File, Format Version 12.00
# Visual Studio Version 17
VisualStudioVersion = 17.13.35919.96 d17.13
MinimumVisualStudioVersion = 10.0.40219.1
Project("{FAE04EC0-301F-11D3-BF4B-00C04F79EFBC}") = "xuanxing_Mod_OpenSelectTalentPanel", "xuanxing_Mod_OpenSelectTalentPanel.csproj", "{756F38D6-9765-4700-A76B-CC418E542DD6}"
EndProject
Global
	GlobalSection(SolutionConfigurationPlatforms) = preSolution
		Debug|Any CPU = Debug|Any CPU
		Release|Any CPU = Release|Any CPU
	EndGlobalSection
	GlobalSection(ProjectConfigurationPlatforms) = postSolution
		{756F38D6-9765-4700-A76B-CC418E542DD6}.Debug|Any CPU.ActiveCfg = Debug|Any CPU
		{756F38D6-9765-4700-A76B-CC418E542DD6}.Debug|Any CPU.Build.0 = Debug|Any CPU
		{756F38D6-9765-4700-A76B-CC418E542DD6}.Release|Any CPU.ActiveCfg = Release|Any CPU
		{756F38D6-9765-4700-A76B-CC418E542DD6}.Release|Any CPU.Build.0 = Release|Any CPU
	EndGlobalSection
	GlobalSection(SolutionProperties) = preSolution
		HideSolutionNode = FALSE
	EndGlobalSection
	GlobalSection(ExtensibilityGlobals) = postSolution
		SolutionGuid = {75DB7317-45F1-493C-BB0C-DB51665C78EA}
	EndGlobalSection
EndGlobal
